// !$*UTF8*$!
// Doorbell Apple clients. This project is intentionally maintained without a generator.
// Targets:
//   Doorbell     iOS 12+ door station and indoor panel, selected by boot.json role.
//   DoorbellIOS9 iOS 9+ arm64 compatibility build sharing the Doorbell Swift sources.
//   DoorbellTV   tvOS 15+ monitor with full-screen incoming-call UI.
// Each target builds Core for its exact platform, architecture, and minimum OS before linking.
{
	archiveVersion = 1;
	classes = {
	};
	objectVersion = 55;
	objects = {

/* Begin PBXBuildFile section */
		FB0000000000000000000021 /* CoreBridge.swift in Sources */ = {isa = PBXBuildFile; fileRef = FA0000000000000000000002 /* CoreBridge.swift */; };
		FB0000000000000000000022 /* BootConfig.swift in Sources */ = {isa = PBXBuildFile; fileRef = FA0000000000000000000003 /* BootConfig.swift */; };
		FB0000000000000000000023 /* Texts.swift in Sources */ = {isa = PBXBuildFile; fileRef = FA0000000000000000000004 /* Texts.swift */; };
		FB0000000000000000000024 /* ConfigUtil.swift in Sources */ = {isa = PBXBuildFile; fileRef = FA0000000000000000000005 /* ConfigUtil.swift */; };
		FB0000000000000000000025 /* MjpegClient.swift in Sources */ = {isa = PBXBuildFile; fileRef = FA0000000000000000000006 /* MjpegClient.swift */; };
		FB0000000000000000000026 /* SirenPlayer.swift in Sources */ = {isa = PBXBuildFile; fileRef = FA0000000000000000000007 /* SirenPlayer.swift */; };
		FB0000000000000000000027 /* AdminPinViewController.swift in Sources */ = {isa = PBXBuildFile; fileRef = FA0000000000000000000008 /* AdminPinViewController.swift */; };
		FB0000000000000000000028 /* IncomingViewController.swift in Sources */ = {isa = PBXBuildFile; fileRef = FA0000000000000000000009 /* IncomingViewController.swift */; };
		FB0000000000000000000039 /* CallRevisionLifecycle.swift in Sources */ = {isa = PBXBuildFile; fileRef = FA0000000000000000000022 /* CallRevisionLifecycle.swift */; };
		FB0000000000000000000029 /* AppDelegate.swift in Sources */ = {isa = PBXBuildFile; fileRef = FA000000000000000000000A /* AppDelegate.swift */; };
		FB000000000000000000002A /* MainViewController.swift in Sources */ = {isa = PBXBuildFile; fileRef = FA000000000000000000000B /* MainViewController.swift */; };
		FB000000000000000000002B /* CameraFeeder.swift in Sources */ = {isa = PBXBuildFile; fileRef = FA000000000000000000000C /* CameraFeeder.swift */; };
		FB000000000000000000002C /* VideoEncoderVT.swift in Sources */ = {isa = PBXBuildFile; fileRef = FA000000000000000000000D /* VideoEncoderVT.swift */; };
		FB000000000000000000002D /* LaunchScreen.storyboard in Resources */ = {isa = PBXBuildFile; fileRef = FA000000000000000000000F /* LaunchScreen.storyboard */; };
		FB000000000000000000002E /* Localizable.strings in Resources */ = {isa = PBXBuildFile; fileRef = EA0000000000000000000001 /* Localizable.strings */; };
		FB0000000000000000000030 /* outdoor_call_alert.mp3 in Resources */ = {isa = PBXBuildFile; fileRef = FA0000000000000000000018 /* outdoor_call_alert.mp3 */; };
		FB0000000000000000000031 /* button_click.mp3 in Resources */ = {isa = PBXBuildFile; fileRef = FA0000000000000000000019 /* button_click.mp3 */; };
		FB0000000000000000000032 /* 学校のチャイム.mp3 in Resources */ = {isa = PBXBuildFile; fileRef = FA000000000000000000001A /* 学校のチャイム.mp3 */; };
		FB0000000000000000000033 /* indoor_update.mp3 in Resources */ = {isa = PBXBuildFile; fileRef = FA000000000000000000001B /* indoor_update.mp3 */; };
		FB0000000000000000000034 /* title_display.mp3 in Resources */ = {isa = PBXBuildFile; fileRef = FA000000000000000000001C /* title_display.mp3 */; };
		FB0000000000000000000035 /* RuntimeSupervisor.swift in Sources */ = {isa = PBXBuildFile; fileRef = FA000000000000000000001D /* RuntimeSupervisor.swift */; };
		FB0000000000000000000036 /* MonitorViewController.swift in Sources */ = {isa = PBXBuildFile; fileRef = FA000000000000000000001E /* MonitorViewController.swift */; };
		FB000000000000000000003B /* AdaptiveH264MjpegPlayer.swift in Sources */ = {isa = PBXBuildFile; fileRef = FA0000000000000000000024 /* AdaptiveH264MjpegPlayer.swift */; };
		FB0000000000000000000037 /* UIStyleApplier.swift in Sources */ = {isa = PBXBuildFile; fileRef = FA000000000000000000001F /* UIStyleApplier.swift */; };
		FB0000000000000000000038 /* IOSAvailability.swift in Sources */ = {isa = PBXBuildFile; fileRef = FA0000000000000000000020 /* IOSAvailability.swift */; };
		FB000000000000000000003A /* DebugInfoViewController.swift in Sources */ = {isa = PBXBuildFile; fileRef = FA0000000000000000000023 /* DebugInfoViewController.swift */; };
		FB0000000000000000000041 /* CoreBridge.swift in Sources */ = {isa = PBXBuildFile; fileRef = FA0000000000000000000002 /* CoreBridge.swift */; };
		FB0000000000000000000042 /* BootConfig.swift in Sources */ = {isa = PBXBuildFile; fileRef = FA0000000000000000000003 /* BootConfig.swift */; };
		FB0000000000000000000043 /* Texts.swift in Sources */ = {isa = PBXBuildFile; fileRef = FA0000000000000000000004 /* Texts.swift */; };
		FB0000000000000000000044 /* ConfigUtil.swift in Sources */ = {isa = PBXBuildFile; fileRef = FA0000000000000000000005 /* ConfigUtil.swift */; };
		FB0000000000000000000045 /* MjpegClient.swift in Sources */ = {isa = PBXBuildFile; fileRef = FA0000000000000000000006 /* MjpegClient.swift */; };
		FB0000000000000000000046 /* SirenPlayer.swift in Sources */ = {isa = PBXBuildFile; fileRef = FA0000000000000000000007 /* SirenPlayer.swift */; };
		FB0000000000000000000047 /* AdminPinViewController.swift in Sources */ = {isa = PBXBuildFile; fileRef = FA0000000000000000000008 /* AdminPinViewController.swift */; };
		FB0000000000000000000048 /* IncomingViewController.swift in Sources */ = {isa = PBXBuildFile; fileRef = FA0000000000000000000009 /* IncomingViewController.swift */; };
		FB0000000000000000000059 /* CallRevisionLifecycle.swift in Sources */ = {isa = PBXBuildFile; fileRef = FA0000000000000000000022 /* CallRevisionLifecycle.swift */; };
		FB0000000000000000000049 /* TVAppDelegate.swift in Sources */ = {isa = PBXBuildFile; fileRef = FA0000000000000000000010 /* TVAppDelegate.swift */; };
		FB000000000000000000004A /* TVMainViewController.swift in Sources */ = {isa = PBXBuildFile; fileRef = FA0000000000000000000011 /* TVMainViewController.swift */; };
		FB000000000000000000004B /* Localizable.strings in Resources */ = {isa = PBXBuildFile; fileRef = EA0000000000000000000001 /* Localizable.strings */; };
		FB0000000000000000000050 /* outdoor_call_alert.mp3 in Resources */ = {isa = PBXBuildFile; fileRef = FA0000000000000000000018 /* outdoor_call_alert.mp3 */; };
		FB0000000000000000000051 /* button_click.mp3 in Resources */ = {isa = PBXBuildFile; fileRef = FA0000000000000000000019 /* button_click.mp3 */; };
		FB0000000000000000000052 /* 学校のチャイム.mp3 in Resources */ = {isa = PBXBuildFile; fileRef = FA000000000000000000001A /* 学校のチャイム.mp3 */; };
		FB0000000000000000000053 /* indoor_update.mp3 in Resources */ = {isa = PBXBuildFile; fileRef = FA000000000000000000001B /* indoor_update.mp3 */; };
		FB0000000000000000000054 /* title_display.mp3 in Resources */ = {isa = PBXBuildFile; fileRef = FA000000000000000000001C /* title_display.mp3 */; };
		FB0000000000000000000055 /* RuntimeSupervisor.swift in Sources */ = {isa = PBXBuildFile; fileRef = FA000000000000000000001D /* RuntimeSupervisor.swift */; };
		FB0000000000000000000056 /* MonitorViewController.swift in Sources */ = {isa = PBXBuildFile; fileRef = FA000000000000000000001E /* MonitorViewController.swift */; };
		FB000000000000000000005A /* AdaptiveH264MjpegPlayer.swift in Sources */ = {isa = PBXBuildFile; fileRef = FA0000000000000000000024 /* AdaptiveH264MjpegPlayer.swift */; };
		FB0000000000000000000057 /* UIStyleApplier.swift in Sources */ = {isa = PBXBuildFile; fileRef = FA000000000000000000001F /* UIStyleApplier.swift */; };
		FB0000000000000000000058 /* IOSAvailability.swift in Sources */ = {isa = PBXBuildFile; fileRef = FA0000000000000000000020 /* IOSAvailability.swift */; };
		F90000000000000000000021 /* CoreBridge.swift in Sources */ = {isa = PBXBuildFile; fileRef = FA0000000000000000000002 /* CoreBridge.swift */; };
		F90000000000000000000022 /* BootConfig.swift in Sources */ = {isa = PBXBuildFile; fileRef = FA0000000000000000000003 /* BootConfig.swift */; };
		F90000000000000000000023 /* Texts.swift in Sources */ = {isa = PBXBuildFile; fileRef = FA0000000000000000000004 /* Texts.swift */; };
		F90000000000000000000024 /* ConfigUtil.swift in Sources */ = {isa = PBXBuildFile; fileRef = FA0000000000000000000005 /* ConfigUtil.swift */; };
		F90000000000000000000025 /* MjpegClient.swift in Sources */ = {isa = PBXBuildFile; fileRef = FA0000000000000000000006 /* MjpegClient.swift */; };
		F90000000000000000000026 /* SirenPlayer.swift in Sources */ = {isa = PBXBuildFile; fileRef = FA0000000000000000000007 /* SirenPlayer.swift */; };
		F90000000000000000000027 /* AdminPinViewController.swift in Sources */ = {isa = PBXBuildFile; fileRef = FA0000000000000000000008 /* AdminPinViewController.swift */; };
		F90000000000000000000028 /* IncomingViewController.swift in Sources */ = {isa = PBXBuildFile; fileRef = FA0000000000000000000009 /* IncomingViewController.swift */; };
		F90000000000000000000039 /* CallRevisionLifecycle.swift in Sources */ = {isa = PBXBuildFile; fileRef = FA0000000000000000000022 /* CallRevisionLifecycle.swift */; };
		F90000000000000000000029 /* AppDelegate.swift in Sources */ = {isa = PBXBuildFile; fileRef = FA000000000000000000000A /* AppDelegate.swift */; };
		F9000000000000000000002A /* MainViewController.swift in Sources */ = {isa = PBXBuildFile; fileRef = FA000000000000000000000B /* MainViewController.swift */; };
		F9000000000000000000002B /* CameraFeeder.swift in Sources */ = {isa = PBXBuildFile; fileRef = FA000000000000000000000C /* CameraFeeder.swift */; };
		F9000000000000000000002C /* VideoEncoderVT.swift in Sources */ = {isa = PBXBuildFile; fileRef = FA000000000000000000000D /* VideoEncoderVT.swift */; };
		F90000000000000000000035 /* RuntimeSupervisor.swift in Sources */ = {isa = PBXBuildFile; fileRef = FA000000000000000000001D /* RuntimeSupervisor.swift */; };
		F90000000000000000000036 /* MonitorViewController.swift in Sources */ = {isa = PBXBuildFile; fileRef = FA000000000000000000001E /* MonitorViewController.swift */; };
		F9000000000000000000003A /* AdaptiveH264MjpegPlayer.swift in Sources */ = {isa = PBXBuildFile; fileRef = FA0000000000000000000024 /* AdaptiveH264MjpegPlayer.swift */; };
		F90000000000000000000037 /* UIStyleApplier.swift in Sources */ = {isa = PBXBuildFile; fileRef = FA000000000000000000001F /* UIStyleApplier.swift */; };
		F90000000000000000000038 /* IOSAvailability.swift in Sources */ = {isa = PBXBuildFile; fileRef = FA0000000000000000000020 /* IOSAvailability.swift */; };
		F9000000000000000000002D /* LaunchScreen.storyboard in Resources */ = {isa = PBXBuildFile; fileRef = FA000000000000000000000F /* LaunchScreen.storyboard */; };
		F9000000000000000000002E /* Localizable.strings in Resources */ = {isa = PBXBuildFile; fileRef = EA0000000000000000000001 /* Localizable.strings */; };
		F90000000000000000000030 /* outdoor_call_alert.mp3 in Resources */ = {isa = PBXBuildFile; fileRef = FA0000000000000000000018 /* outdoor_call_alert.mp3 */; };
		F90000000000000000000031 /* button_click.mp3 in Resources */ = {isa = PBXBuildFile; fileRef = FA0000000000000000000019 /* button_click.mp3 */; };
		F90000000000000000000032 /* 学校のチャイム.mp3 in Resources */ = {isa = PBXBuildFile; fileRef = FA000000000000000000001A /* 学校のチャイム.mp3 */; };
		F90000000000000000000033 /* indoor_update.mp3 in Resources */ = {isa = PBXBuildFile; fileRef = FA000000000000000000001B /* indoor_update.mp3 */; };
		F90000000000000000000034 /* title_display.mp3 in Resources */ = {isa = PBXBuildFile; fileRef = FA000000000000000000001C /* title_display.mp3 */; };
		FB0000000000000000000060 /* PairingSupport.swift in Sources */ = {isa = PBXBuildFile; fileRef = FA0000000000000000000025 /* PairingSupport.swift */; };
		FB0000000000000000000061 /* PairingSupport.swift in Sources */ = {isa = PBXBuildFile; fileRef = FA0000000000000000000025 /* PairingSupport.swift */; };
		F90000000000000000000060 /* PairingSupport.swift in Sources */ = {isa = PBXBuildFile; fileRef = FA0000000000000000000025 /* PairingSupport.swift */; };
		FB0000000000000000000062 /* PairingViewController.swift in Sources */ = {isa = PBXBuildFile; fileRef = FA0000000000000000000026 /* PairingViewController.swift */; };
		FB0000000000000000000063 /* PairingViewController.swift in Sources */ = {isa = PBXBuildFile; fileRef = FA0000000000000000000026 /* PairingViewController.swift */; };
		F90000000000000000000062 /* PairingViewController.swift in Sources */ = {isa = PBXBuildFile; fileRef = FA0000000000000000000026 /* PairingViewController.swift */; };
		FB0000000000000000000064 /* AddDeviceViewController.swift in Sources */ = {isa = PBXBuildFile; fileRef = FA0000000000000000000027 /* AddDeviceViewController.swift */; };
		FB0000000000000000000065 /* AddDeviceViewController.swift in Sources */ = {isa = PBXBuildFile; fileRef = FA0000000000000000000027 /* AddDeviceViewController.swift */; };
		F90000000000000000000064 /* AddDeviceViewController.swift in Sources */ = {isa = PBXBuildFile; fileRef = FA0000000000000000000027 /* AddDeviceViewController.swift */; };
		FB0000000000000000000066 /* PairingScannerViewController.swift in Sources */ = {isa = PBXBuildFile; fileRef = FA0000000000000000000028 /* PairingScannerViewController.swift */; };
		F90000000000000000000066 /* PairingScannerViewController.swift in Sources */ = {isa = PBXBuildFile; fileRef = FA0000000000000000000028 /* PairingScannerViewController.swift */; };
		FB0000000000000000000070 /* DoorbellTheme.swift in Sources */ = {isa = PBXBuildFile; fileRef = FA0000000000000000000030 /* DoorbellTheme.swift */; };
		FB0000000000000000000090 /* DoorbellTheme.swift in Sources */ = {isa = PBXBuildFile; fileRef = FA0000000000000000000030 /* DoorbellTheme.swift */; };
		F90000000000000000000070 /* DoorbellTheme.swift in Sources */ = {isa = PBXBuildFile; fileRef = FA0000000000000000000030 /* DoorbellTheme.swift */; };
		FB0000000000000000000071 /* DoorbellClock.swift in Sources */ = {isa = PBXBuildFile; fileRef = FA0000000000000000000031 /* DoorbellClock.swift */; };
		FB0000000000000000000091 /* DoorbellClock.swift in Sources */ = {isa = PBXBuildFile; fileRef = FA0000000000000000000031 /* DoorbellClock.swift */; };
		F90000000000000000000071 /* DoorbellClock.swift in Sources */ = {isa = PBXBuildFile; fileRef = FA0000000000000000000031 /* DoorbellClock.swift */; };
		FB0000000000000000000072 /* ConfigWriter.swift in Sources */ = {isa = PBXBuildFile; fileRef = FA0000000000000000000032 /* ConfigWriter.swift */; };
		FB0000000000000000000092 /* ConfigWriter.swift in Sources */ = {isa = PBXBuildFile; fileRef = FA0000000000000000000032 /* ConfigWriter.swift */; };
		F90000000000000000000072 /* ConfigWriter.swift in Sources */ = {isa = PBXBuildFile; fileRef = FA0000000000000000000032 /* ConfigWriter.swift */; };
		FB0000000000000000000073 /* SosSlideControl.swift in Sources */ = {isa = PBXBuildFile; fileRef = FA0000000000000000000033 /* SosSlideControl.swift */; };
		FB0000000000000000000093 /* SosSlideControl.swift in Sources */ = {isa = PBXBuildFile; fileRef = FA0000000000000000000033 /* SosSlideControl.swift */; };
		F90000000000000000000073 /* SosSlideControl.swift in Sources */ = {isa = PBXBuildFile; fileRef = FA0000000000000000000033 /* SosSlideControl.swift */; };
		FB0000000000000000000074 /* NoticeSupport.swift in Sources */ = {isa = PBXBuildFile; fileRef = FA0000000000000000000034 /* NoticeSupport.swift */; };
		FB0000000000000000000094 /* NoticeSupport.swift in Sources */ = {isa = PBXBuildFile; fileRef = FA0000000000000000000034 /* NoticeSupport.swift */; };
		F90000000000000000000074 /* NoticeSupport.swift in Sources */ = {isa = PBXBuildFile; fileRef = FA0000000000000000000034 /* NoticeSupport.swift */; };
		FB0000000000000000000075 /* CallHistory.swift in Sources */ = {isa = PBXBuildFile; fileRef = FA0000000000000000000035 /* CallHistory.swift */; };
		FB0000000000000000000095 /* CallHistory.swift in Sources */ = {isa = PBXBuildFile; fileRef = FA0000000000000000000035 /* CallHistory.swift */; };
		F90000000000000000000075 /* CallHistory.swift in Sources */ = {isa = PBXBuildFile; fileRef = FA0000000000000000000035 /* CallHistory.swift */; };
		FB0000000000000000000076 /* SettingsForm.swift in Sources */ = {isa = PBXBuildFile; fileRef = FA0000000000000000000036 /* SettingsForm.swift */; };
		FB0000000000000000000096 /* SettingsForm.swift in Sources */ = {isa = PBXBuildFile; fileRef = FA0000000000000000000036 /* SettingsForm.swift */; };
		F90000000000000000000076 /* SettingsForm.swift in Sources */ = {isa = PBXBuildFile; fileRef = FA0000000000000000000036 /* SettingsForm.swift */; };
		FB0000000000000000000077 /* SettingsViewController.swift in Sources */ = {isa = PBXBuildFile; fileRef = FA0000000000000000000037 /* SettingsViewController.swift */; };
		FB0000000000000000000097 /* SettingsViewController.swift in Sources */ = {isa = PBXBuildFile; fileRef = FA0000000000000000000037 /* SettingsViewController.swift */; };
		F90000000000000000000077 /* SettingsViewController.swift in Sources */ = {isa = PBXBuildFile; fileRef = FA0000000000000000000037 /* SettingsViewController.swift */; };
		FB0000000000000000000078 /* AdminQrView.swift in Sources */ = {isa = PBXBuildFile; fileRef = FA0000000000000000000038 /* AdminQrView.swift */; };
		FB0000000000000000000098 /* AdminQrView.swift in Sources */ = {isa = PBXBuildFile; fileRef = FA0000000000000000000038 /* AdminQrView.swift */; };
		F90000000000000000000078 /* AdminQrView.swift in Sources */ = {isa = PBXBuildFile; fileRef = FA0000000000000000000038 /* AdminQrView.swift */; };
		FB0000000000000000000079 /* DashboardView.swift in Sources */ = {isa = PBXBuildFile; fileRef = FA0000000000000000000039 /* DashboardView.swift */; };
		FB0000000000000000000099 /* DashboardView.swift in Sources */ = {isa = PBXBuildFile; fileRef = FA0000000000000000000039 /* DashboardView.swift */; };
		F90000000000000000000079 /* DashboardView.swift in Sources */ = {isa = PBXBuildFile; fileRef = FA0000000000000000000039 /* DashboardView.swift */; };
		FB000000000000000000007A /* VisitorScreenView.swift in Sources */ = {isa = PBXBuildFile; fileRef = FA000000000000000000003A /* VisitorScreenView.swift */; };
		FB000000000000000000009A /* VisitorScreenView.swift in Sources */ = {isa = PBXBuildFile; fileRef = FA000000000000000000003A /* VisitorScreenView.swift */; };
		F9000000000000000000007A /* VisitorScreenView.swift in Sources */ = {isa = PBXBuildFile; fileRef = FA000000000000000000003A /* VisitorScreenView.swift */; };
/* End PBXBuildFile section */

/* Begin PBXFileReference section */
		FA0000000000000000000001 /* BridgingHeader.h */ = {isa = PBXFileReference; lastKnownFileType = sourcecode.c.h; path = BridgingHeader.h; sourceTree = "<group>"; };
		FA0000000000000000000002 /* CoreBridge.swift */ = {isa = PBXFileReference; lastKnownFileType = sourcecode.swift; path = CoreBridge.swift; sourceTree = "<group>"; };
		FA0000000000000000000003 /* BootConfig.swift */ = {isa = PBXFileReference; lastKnownFileType = sourcecode.swift; path = BootConfig.swift; sourceTree = "<group>"; };
		FA0000000000000000000004 /* Texts.swift */ = {isa = PBXFileReference; lastKnownFileType = sourcecode.swift; path = Texts.swift; sourceTree = "<group>"; };
		FA0000000000000000000005 /* ConfigUtil.swift */ = {isa = PBXFileReference; lastKnownFileType = sourcecode.swift; path = ConfigUtil.swift; sourceTree = "<group>"; };
		FA0000000000000000000006 /* MjpegClient.swift */ = {isa = PBXFileReference; lastKnownFileType = sourcecode.swift; path = MjpegClient.swift; sourceTree = "<group>"; };
		FA0000000000000000000007 /* SirenPlayer.swift */ = {isa = PBXFileReference; lastKnownFileType = sourcecode.swift; path = SirenPlayer.swift; sourceTree = "<group>"; };
		FA0000000000000000000008 /* AdminPinViewController.swift */ = {isa = PBXFileReference; lastKnownFileType = sourcecode.swift; path = AdminPinViewController.swift; sourceTree = "<group>"; };
		FA0000000000000000000009 /* IncomingViewController.swift */ = {isa = PBXFileReference; lastKnownFileType = sourcecode.swift; path = IncomingViewController.swift; sourceTree = "<group>"; };
		FA000000000000000000000A /* AppDelegate.swift */ = {isa = PBXFileReference; lastKnownFileType = sourcecode.swift; path = AppDelegate.swift; sourceTree = "<group>"; };
		FA000000000000000000000B /* MainViewController.swift */ = {isa = PBXFileReference; lastKnownFileType = sourcecode.swift; path = MainViewController.swift; sourceTree = "<group>"; };
		FA000000000000000000000C /* CameraFeeder.swift */ = {isa = PBXFileReference; lastKnownFileType = sourcecode.swift; path = CameraFeeder.swift; sourceTree = "<group>"; };
		FA000000000000000000000D /* VideoEncoderVT.swift */ = {isa = PBXFileReference; lastKnownFileType = sourcecode.swift; path = VideoEncoderVT.swift; sourceTree = "<group>"; };
		FA000000000000000000000E /* Info.plist */ = {isa = PBXFileReference; lastKnownFileType = text.plist.xml; path = Info.plist; sourceTree = "<group>"; };
		FA000000000000000000000F /* LaunchScreen.storyboard */ = {isa = PBXFileReference; lastKnownFileType = file.storyboard; path = LaunchScreen.storyboard; sourceTree = "<group>"; };
		FA0000000000000000000010 /* TVAppDelegate.swift */ = {isa = PBXFileReference; lastKnownFileType = sourcecode.swift; path = TVAppDelegate.swift; sourceTree = "<group>"; };
		FA0000000000000000000011 /* TVMainViewController.swift */ = {isa = PBXFileReference; lastKnownFileType = sourcecode.swift; path = TVMainViewController.swift; sourceTree = "<group>"; };
		FA0000000000000000000012 /* Info.plist */ = {isa = PBXFileReference; lastKnownFileType = text.plist.xml; path = Info.plist; sourceTree = "<group>"; };
		FA0000000000000000000013 /* ja */ = {isa = PBXFileReference; lastKnownFileType = text.plist.strings; name = ja; path = ja.lproj/Localizable.strings; sourceTree = "<group>"; };
		FA0000000000000000000014 /* en */ = {isa = PBXFileReference; lastKnownFileType = text.plist.strings; name = en; path = en.lproj/Localizable.strings; sourceTree = "<group>"; };
		FA0000000000000000000015 /* zh */ = {isa = PBXFileReference; lastKnownFileType = text.plist.strings; name = zh; path = zh.lproj/Localizable.strings; sourceTree = "<group>"; };
		FA0000000000000000000016 /* Doorbell.app */ = {isa = PBXFileReference; explicitFileType = wrapper.application; includeInIndex = 0; path = Doorbell.app; sourceTree = BUILT_PRODUCTS_DIR; };
		FA0000000000000000000017 /* DoorbellTV.app */ = {isa = PBXFileReference; explicitFileType = wrapper.application; includeInIndex = 0; path = DoorbellTV.app; sourceTree = BUILT_PRODUCTS_DIR; };
		FA0000000000000000000018 /* outdoor_call_alert.mp3 */ = {isa = PBXFileReference; lastKnownFileType = audio.mp3; path = outdoor_call_alert.mp3; sourceTree = "<group>"; };
		FA0000000000000000000019 /* button_click.mp3 */ = {isa = PBXFileReference; lastKnownFileType = audio.mp3; path = button_click.mp3; sourceTree = "<group>"; };
		FA000000000000000000001A /* 学校のチャイム.mp3 */ = {isa = PBXFileReference; lastKnownFileType = audio.mp3; path = "学校のチャイム.mp3"; sourceTree = "<group>"; };
		FA000000000000000000001B /* indoor_update.mp3 */ = {isa = PBXFileReference; lastKnownFileType = audio.mp3; path = indoor_update.mp3; sourceTree = "<group>"; };
		FA000000000000000000001C /* title_display.mp3 */ = {isa = PBXFileReference; lastKnownFileType = audio.mp3; path = title_display.mp3; sourceTree = "<group>"; };
		FA000000000000000000001D /* RuntimeSupervisor.swift */ = {isa = PBXFileReference; lastKnownFileType = sourcecode.swift; path = RuntimeSupervisor.swift; sourceTree = "<group>"; };
		FA000000000000000000001E /* MonitorViewController.swift */ = {isa = PBXFileReference; lastKnownFileType = sourcecode.swift; path = MonitorViewController.swift; sourceTree = "<group>"; };
		FA000000000000000000001F /* UIStyleApplier.swift */ = {isa = PBXFileReference; lastKnownFileType = sourcecode.swift; path = UIStyleApplier.swift; sourceTree = "<group>"; };
		FA0000000000000000000020 /* IOSAvailability.swift */ = {isa = PBXFileReference; lastKnownFileType = sourcecode.swift; path = IOSAvailability.swift; sourceTree = "<group>"; };
		FA0000000000000000000021 /* DoorbellIOS9.app */ = {isa = PBXFileReference; explicitFileType = wrapper.application; includeInIndex = 0; path = DoorbellIOS9.app; sourceTree = BUILT_PRODUCTS_DIR; };
		FA0000000000000000000022 /* CallRevisionLifecycle.swift */ = {isa = PBXFileReference; lastKnownFileType = sourcecode.swift; path = CallRevisionLifecycle.swift; sourceTree = "<group>"; };
		FA0000000000000000000023 /* DebugInfoViewController.swift */ = {isa = PBXFileReference; lastKnownFileType = sourcecode.swift; path = DebugInfoViewController.swift; sourceTree = "<group>"; };
		FA0000000000000000000024 /* AdaptiveH264MjpegPlayer.swift */ = {isa = PBXFileReference; lastKnownFileType = sourcecode.swift; path = AdaptiveH264MjpegPlayer.swift; sourceTree = "<group>"; };
		FA0000000000000000000025 /* PairingSupport.swift */ = {isa = PBXFileReference; lastKnownFileType = sourcecode.swift; path = PairingSupport.swift; sourceTree = "<group>"; };
		FA0000000000000000000026 /* PairingViewController.swift */ = {isa = PBXFileReference; lastKnownFileType = sourcecode.swift; path = PairingViewController.swift; sourceTree = "<group>"; };
		FA0000000000000000000027 /* AddDeviceViewController.swift */ = {isa = PBXFileReference; lastKnownFileType = sourcecode.swift; path = AddDeviceViewController.swift; sourceTree = "<group>"; };
		FA0000000000000000000028 /* PairingScannerViewController.swift */ = {isa = PBXFileReference; lastKnownFileType = sourcecode.swift; path = PairingScannerViewController.swift; sourceTree = "<group>"; };
		FA0000000000000000000030 /* DoorbellTheme.swift */ = {isa = PBXFileReference; lastKnownFileType = sourcecode.swift; path = DoorbellTheme.swift; sourceTree = "<group>"; };
		FA0000000000000000000031 /* DoorbellClock.swift */ = {isa = PBXFileReference; lastKnownFileType = sourcecode.swift; path = DoorbellClock.swift; sourceTree = "<group>"; };
		FA0000000000000000000032 /* ConfigWriter.swift */ = {isa = PBXFileReference; lastKnownFileType = sourcecode.swift; path = ConfigWriter.swift; sourceTree = "<group>"; };
		FA0000000000000000000033 /* SosSlideControl.swift */ = {isa = PBXFileReference; lastKnownFileType = sourcecode.swift; path = SosSlideControl.swift; sourceTree = "<group>"; };
		FA0000000000000000000034 /* NoticeSupport.swift */ = {isa = PBXFileReference; lastKnownFileType = sourcecode.swift; path = NoticeSupport.swift; sourceTree = "<group>"; };
		FA0000000000000000000035 /* CallHistory.swift */ = {isa = PBXFileReference; lastKnownFileType = sourcecode.swift; path = CallHistory.swift; sourceTree = "<group>"; };
		FA0000000000000000000036 /* SettingsForm.swift */ = {isa = PBXFileReference; lastKnownFileType = sourcecode.swift; path = SettingsForm.swift; sourceTree = "<group>"; };
		FA0000000000000000000037 /* SettingsViewController.swift */ = {isa = PBXFileReference; lastKnownFileType = sourcecode.swift; path = SettingsViewController.swift; sourceTree = "<group>"; };
		FA0000000000000000000038 /* AdminQrView.swift */ = {isa = PBXFileReference; lastKnownFileType = sourcecode.swift; path = AdminQrView.swift; sourceTree = "<group>"; };
		FA0000000000000000000039 /* DashboardView.swift */ = {isa = PBXFileReference; lastKnownFileType = sourcecode.swift; path = DashboardView.swift; sourceTree = "<group>"; };
		FA000000000000000000003A /* VisitorScreenView.swift */ = {isa = PBXFileReference; lastKnownFileType = sourcecode.swift; path = VisitorScreenView.swift; sourceTree = "<group>"; };
/* End PBXFileReference section */

/* Begin PBXFrameworksBuildPhase section */
		DC0000000000000000000001 /* Frameworks */ = {
			isa = PBXFrameworksBuildPhase;
			buildActionMask = 2147483647;
			files = (
			);
			runOnlyForDeploymentPostprocessing = 0;
		};
		DC0000000000000000000002 /* Frameworks */ = {
			isa = PBXFrameworksBuildPhase;
			buildActionMask = 2147483647;
			files = (
			);
			runOnlyForDeploymentPostprocessing = 0;
		};
		D90000000000000000000002 /* Frameworks */ = {
			isa = PBXFrameworksBuildPhase;
			buildActionMask = 2147483647;
			files = (
			);
			runOnlyForDeploymentPostprocessing = 0;
		};
/* End PBXFrameworksBuildPhase section */

/* Begin PBXGroup section */
		AB0000000000000000000001 = {
			isa = PBXGroup;
			children = (
				AB0000000000000000000002 /* Doorbell */,
				AB0000000000000000000003 /* DoorbellTV */,
				AB0000000000000000000005 /* Audio */,
				AB0000000000000000000004 /* Products */,
			);
			sourceTree = "<group>";
		};
		AB0000000000000000000002 /* Doorbell */ = {
			isa = PBXGroup;
			children = (
				FA0000000000000000000001 /* BridgingHeader.h */,
				FA000000000000000000000A /* AppDelegate.swift */,
				FA000000000000000000000B /* MainViewController.swift */,
				FA0000000000000000000030 /* DoorbellTheme.swift */,
				FA0000000000000000000031 /* DoorbellClock.swift */,
				FA0000000000000000000032 /* ConfigWriter.swift */,
				FA0000000000000000000033 /* SosSlideControl.swift */,
				FA0000000000000000000034 /* NoticeSupport.swift */,
				FA0000000000000000000035 /* CallHistory.swift */,
				FA0000000000000000000036 /* SettingsForm.swift */,
				FA0000000000000000000037 /* SettingsViewController.swift */,
				FA0000000000000000000038 /* AdminQrView.swift */,
				FA0000000000000000000039 /* DashboardView.swift */,
				FA000000000000000000003A /* VisitorScreenView.swift */,
				FA0000000000000000000009 /* IncomingViewController.swift */,
				FA0000000000000000000022 /* CallRevisionLifecycle.swift */,
				FA0000000000000000000023 /* DebugInfoViewController.swift */,
				FA0000000000000000000024 /* AdaptiveH264MjpegPlayer.swift */,
				FA0000000000000000000008 /* AdminPinViewController.swift */,
				FA0000000000000000000025 /* PairingSupport.swift */,
				FA0000000000000000000026 /* PairingViewController.swift */,
				FA0000000000000000000027 /* AddDeviceViewController.swift */,
				FA0000000000000000000028 /* PairingScannerViewController.swift */,
				FA0000000000000000000002 /* CoreBridge.swift */,
				FA000000000000000000001D /* RuntimeSupervisor.swift */,
				FA000000000000000000001E /* MonitorViewController.swift */,
				FA000000000000000000001F /* UIStyleApplier.swift */,
				FA0000000000000000000020 /* IOSAvailability.swift */,
				FA0000000000000000000003 /* BootConfig.swift */,
				FA0000000000000000000004 /* Texts.swift */,
				FA0000000000000000000005 /* ConfigUtil.swift */,
				FA0000000000000000000006 /* MjpegClient.swift */,
				FA0000000000000000000007 /* SirenPlayer.swift */,
				FA000000000000000000000C /* CameraFeeder.swift */,
				FA000000000000000000000D /* VideoEncoderVT.swift */,
				EA0000000000000000000001 /* Localizable.strings */,
				FA000000000000000000000F /* LaunchScreen.storyboard */,
				FA000000000000000000000E /* Info.plist */,
			);
			path = Doorbell;
			sourceTree = "<group>";
		};
		AB0000000000000000000003 /* DoorbellTV */ = {
			isa = PBXGroup;
			children = (
				FA0000000000000000000010 /* TVAppDelegate.swift */,
				FA0000000000000000000011 /* TVMainViewController.swift */,
				FA0000000000000000000012 /* Info.plist */,
			);
			path = DoorbellTV;
			sourceTree = "<group>";
		};
		AB0000000000000000000004 /* Products */ = {
			isa = PBXGroup;
			children = (
				FA0000000000000000000016 /* Doorbell.app */,
				FA0000000000000000000017 /* DoorbellTV.app */,
				FA0000000000000000000021 /* DoorbellIOS9.app */,
			);
			name = Products;
			sourceTree = "<group>";
		};
		AB0000000000000000000005 /* Audio */ = {
			isa = PBXGroup;
			children = (
				FA0000000000000000000018 /* outdoor_call_alert.mp3 */,
				FA0000000000000000000019 /* button_click.mp3 */,
				FA000000000000000000001A /* 学校のチャイム.mp3 */,
				FA000000000000000000001B /* indoor_update.mp3 */,
				FA000000000000000000001C /* title_display.mp3 */,
			);
			name = Audio;
			path = ../assets/audio;
			sourceTree = SOURCE_ROOT;
		};
/* End PBXGroup section */

/* Begin PBXNativeTarget section */
		CA0000000000000000000001 /* Doorbell */ = {
			isa = PBXNativeTarget;
			buildConfigurationList = EC0000000000000000000002 /* Build configuration list for PBXNativeTarget "Doorbell" */;
			buildPhases = (
				DD0000000000000000000001 /* Build doorbell-core (CMake) */,
				DA0000000000000000000001 /* Sources */,
				DC0000000000000000000001 /* Frameworks */,
				DB0000000000000000000001 /* Resources */,
			);
			buildRules = (
			);
			dependencies = (
			);
			name = Doorbell;
			productName = Doorbell;
			productReference = FA0000000000000000000016 /* Doorbell.app */;
			productType = "com.apple.product-type.application";
		};
		CA0000000000000000000002 /* DoorbellTV */ = {
			isa = PBXNativeTarget;
			buildConfigurationList = EC0000000000000000000003 /* Build configuration list for PBXNativeTarget "DoorbellTV" */;
			buildPhases = (
				DD0000000000000000000002 /* Build doorbell-core (CMake) */,
				DA0000000000000000000002 /* Sources */,
				DC0000000000000000000002 /* Frameworks */,
				DB0000000000000000000002 /* Resources */,
			);
			buildRules = (
			);
			dependencies = (
			);
			name = DoorbellTV;
			productName = DoorbellTV;
			productReference = FA0000000000000000000017 /* DoorbellTV.app */;
			productType = "com.apple.product-type.application";
		};
		C90000000000000000000001 /* DoorbellIOS9 */ = {
			isa = PBXNativeTarget;
			buildConfigurationList = E90000000000000000000010 /* Build configuration list for PBXNativeTarget "DoorbellIOS9" */;
			buildPhases = (
				D90000000000000000000004 /* Build doorbell-core (CMake) */,
				D90000000000000000000001 /* Sources */,
				D90000000000000000000002 /* Frameworks */,
				D90000000000000000000003 /* Resources */,
				D90000000000000000000005 /* Verify iOS 9 release artifact */,
			);
			buildRules = (
			);
			dependencies = (
			);
			name = DoorbellIOS9;
			productName = DoorbellIOS9;
			productReference = FA0000000000000000000021 /* DoorbellIOS9.app */;
			productType = "com.apple.product-type.application";
		};
/* End PBXNativeTarget section */

/* Begin PBXProject section */
		CB0000000000000000000001 /* Project object */ = {
			isa = PBXProject;
			attributes = {
				BuildIndependentTargetsInParallel = 1;
				LastUpgradeCheck = 1500;
				TargetAttributes = {
					CA0000000000000000000001 = {
						CreatedOnToolsVersion = 15.0;
					};
					CA0000000000000000000002 = {
						CreatedOnToolsVersion = 15.0;
					};
					C90000000000000000000001 = {
						CreatedOnToolsVersion = 15.0;
					};
				};
			};
			buildConfigurationList = EC0000000000000000000001 /* Build configuration list for PBXProject "Doorbell" */;
			compatibilityVersion = "Xcode 13.0";
			developmentRegion = ja;
			hasScannedForEncodings = 0;
			knownRegions = (
				ja,
				en,
				zh,
				Base,
			);
			mainGroup = AB0000000000000000000001;
			productRefGroup = AB0000000000000000000004 /* Products */;
			projectDirPath = "";
			projectRoot = "";
			targets = (
				CA0000000000000000000001 /* Doorbell */,
				CA0000000000000000000002 /* DoorbellTV */,
				C90000000000000000000001 /* DoorbellIOS9 */,
			);
		};
/* End PBXProject section */

/* Begin PBXResourcesBuildPhase section */
		DB0000000000000000000001 /* Resources */ = {
			isa = PBXResourcesBuildPhase;
			buildActionMask = 2147483647;
			files = (
				FB000000000000000000002D /* LaunchScreen.storyboard in Resources */,
				FB000000000000000000002E /* Localizable.strings in Resources */,
				FB0000000000000000000030 /* outdoor_call_alert.mp3 in Resources */,
				FB0000000000000000000031 /* button_click.mp3 in Resources */,
				FB0000000000000000000032 /* 学校のチャイム.mp3 in Resources */,
				FB0000000000000000000033 /* indoor_update.mp3 in Resources */,
				FB0000000000000000000034 /* title_display.mp3 in Resources */,
			);
			runOnlyForDeploymentPostprocessing = 0;
		};
		DB0000000000000000000002 /* Resources */ = {
			isa = PBXResourcesBuildPhase;
			buildActionMask = 2147483647;
			files = (
				FB000000000000000000004B /* Localizable.strings in Resources */,
				FB0000000000000000000050 /* outdoor_call_alert.mp3 in Resources */,
				FB0000000000000000000051 /* button_click.mp3 in Resources */,
				FB0000000000000000000052 /* 学校のチャイム.mp3 in Resources */,
				FB0000000000000000000053 /* indoor_update.mp3 in Resources */,
				FB0000000000000000000054 /* title_display.mp3 in Resources */,
			);
			runOnlyForDeploymentPostprocessing = 0;
		};
		D90000000000000000000003 /* Resources */ = {
			isa = PBXResourcesBuildPhase;
			buildActionMask = 2147483647;
			files = (
				F9000000000000000000002D /* LaunchScreen.storyboard in Resources */,
				F9000000000000000000002E /* Localizable.strings in Resources */,
				F90000000000000000000030 /* outdoor_call_alert.mp3 in Resources */,
				F90000000000000000000031 /* button_click.mp3 in Resources */,
				F90000000000000000000032 /* 学校のチャイム.mp3 in Resources */,
				F90000000000000000000033 /* indoor_update.mp3 in Resources */,
				F90000000000000000000034 /* title_display.mp3 in Resources */,
			);
			runOnlyForDeploymentPostprocessing = 0;
		};
/* End PBXResourcesBuildPhase section */

/* Begin PBXShellScriptBuildPhase section */
		DD0000000000000000000001 /* Build doorbell-core (CMake) */ = {
			isa = PBXShellScriptBuildPhase;
			alwaysOutOfDate = 1;
			buildActionMask = 2147483647;
			files = (
			);
			inputFileListPaths = (
			);
			inputPaths = (
			);
			name = "Build doorbell-core (CMake)";
			outputFileListPaths = (
			);
			outputPaths = (
			);
			runOnlyForDeploymentPostprocessing = 0;
			shellPath = /bin/sh;
			shellScript = "exec \"$SRCROOT/scripts/build_core.sh\"\n";
		};
		DD0000000000000000000002 /* Build doorbell-core (CMake) */ = {
			isa = PBXShellScriptBuildPhase;
			alwaysOutOfDate = 1;
			buildActionMask = 2147483647;
			files = (
			);
			inputFileListPaths = (
			);
			inputPaths = (
			);
			name = "Build doorbell-core (CMake)";
			outputFileListPaths = (
			);
			outputPaths = (
			);
			runOnlyForDeploymentPostprocessing = 0;
			shellPath = /bin/sh;
			shellScript = "exec \"$SRCROOT/scripts/build_core.sh\"\n";
		};
		D90000000000000000000004 /* Build doorbell-core (CMake) */ = {
			isa = PBXShellScriptBuildPhase;
			alwaysOutOfDate = 1;
			buildActionMask = 2147483647;
			files = (
			);
			inputFileListPaths = (
			);
			inputPaths = (
			);
			name = "Build doorbell-core (CMake)";
			outputFileListPaths = (
			);
			outputPaths = (
			);
			runOnlyForDeploymentPostprocessing = 0;
			shellPath = /bin/sh;
			shellScript = "exec \"$SRCROOT/scripts/build_core.sh\"\n";
		};
		D90000000000000000000005 /* Verify iOS 9 release artifact */ = {
			isa = PBXShellScriptBuildPhase;
			alwaysOutOfDate = 1;
			buildActionMask = 2147483647;
			files = (
			);
			inputFileListPaths = (
			);
			inputPaths = (
			);
			name = "Verify iOS 9 release artifact";
			outputFileListPaths = (
			);
			outputPaths = (
			);
			runOnlyForDeploymentPostprocessing = 0;
			shellPath = /bin/sh;
			shellScript = "exec \"$SRCROOT/scripts/verify_ios9_release.sh\"\n";
		};
/* End PBXShellScriptBuildPhase section */

/* Begin PBXSourcesBuildPhase section */
		DA0000000000000000000001 /* Sources */ = {
			isa = PBXSourcesBuildPhase;
			buildActionMask = 2147483647;
			files = (
				FB0000000000000000000070 /* DoorbellTheme.swift in Sources */,
				FB0000000000000000000071 /* DoorbellClock.swift in Sources */,
				FB0000000000000000000072 /* ConfigWriter.swift in Sources */,
				FB0000000000000000000073 /* SosSlideControl.swift in Sources */,
				FB0000000000000000000074 /* NoticeSupport.swift in Sources */,
				FB0000000000000000000075 /* CallHistory.swift in Sources */,
				FB0000000000000000000076 /* SettingsForm.swift in Sources */,
				FB0000000000000000000077 /* SettingsViewController.swift in Sources */,
				FB0000000000000000000078 /* AdminQrView.swift in Sources */,
				FB0000000000000000000079 /* DashboardView.swift in Sources */,
				FB000000000000000000007A /* VisitorScreenView.swift in Sources */,
				FB0000000000000000000060 /* PairingSupport.swift in Sources */,
				FB0000000000000000000062 /* PairingViewController.swift in Sources */,
				FB0000000000000000000064 /* AddDeviceViewController.swift in Sources */,
				FB0000000000000000000066 /* PairingScannerViewController.swift in Sources */,
				FB0000000000000000000029 /* AppDelegate.swift in Sources */,
				FB000000000000000000002A /* MainViewController.swift in Sources */,
				FB0000000000000000000028 /* IncomingViewController.swift in Sources */,
				FB0000000000000000000039 /* CallRevisionLifecycle.swift in Sources */,
				FB0000000000000000000027 /* AdminPinViewController.swift in Sources */,
				FB0000000000000000000021 /* CoreBridge.swift in Sources */,
				FB0000000000000000000035 /* RuntimeSupervisor.swift in Sources */,
				FB0000000000000000000036 /* MonitorViewController.swift in Sources */,
				FB000000000000000000003B /* AdaptiveH264MjpegPlayer.swift in Sources */,
				FB0000000000000000000037 /* UIStyleApplier.swift in Sources */,
				FB0000000000000000000038 /* IOSAvailability.swift in Sources */,
				FB000000000000000000003A /* DebugInfoViewController.swift in Sources */,
				FB0000000000000000000022 /* BootConfig.swift in Sources */,
				FB0000000000000000000023 /* Texts.swift in Sources */,
				FB0000000000000000000024 /* ConfigUtil.swift in Sources */,
				FB0000000000000000000025 /* MjpegClient.swift in Sources */,
				FB0000000000000000000026 /* SirenPlayer.swift in Sources */,
				FB000000000000000000002B /* CameraFeeder.swift in Sources */,
				FB000000000000000000002C /* VideoEncoderVT.swift in Sources */,
			);
			runOnlyForDeploymentPostprocessing = 0;
		};
		DA0000000000000000000002 /* Sources */ = {
			isa = PBXSourcesBuildPhase;
			buildActionMask = 2147483647;
			files = (
				FB0000000000000000000090 /* DoorbellTheme.swift in Sources */,
				FB0000000000000000000091 /* DoorbellClock.swift in Sources */,
				FB0000000000000000000092 /* ConfigWriter.swift in Sources */,
				FB0000000000000000000093 /* SosSlideControl.swift in Sources */,
				FB0000000000000000000094 /* NoticeSupport.swift in Sources */,
				FB0000000000000000000095 /* CallHistory.swift in Sources */,
				FB0000000000000000000096 /* SettingsForm.swift in Sources */,
				FB0000000000000000000097 /* SettingsViewController.swift in Sources */,
				FB0000000000000000000098 /* AdminQrView.swift in Sources */,
				FB0000000000000000000099 /* DashboardView.swift in Sources */,
				FB000000000000000000009A /* VisitorScreenView.swift in Sources */,
				FB0000000000000000000061 /* PairingSupport.swift in Sources */,
				FB0000000000000000000063 /* PairingViewController.swift in Sources */,
				FB0000000000000000000065 /* AddDeviceViewController.swift in Sources */,
				FB0000000000000000000049 /* TVAppDelegate.swift in Sources */,
				FB000000000000000000004A /* TVMainViewController.swift in Sources */,
				FB0000000000000000000048 /* IncomingViewController.swift in Sources */,
				FB0000000000000000000059 /* CallRevisionLifecycle.swift in Sources */,
				FB0000000000000000000047 /* AdminPinViewController.swift in Sources */,
				FB0000000000000000000041 /* CoreBridge.swift in Sources */,
				FB0000000000000000000055 /* RuntimeSupervisor.swift in Sources */,
				FB0000000000000000000056 /* MonitorViewController.swift in Sources */,
				FB000000000000000000005A /* AdaptiveH264MjpegPlayer.swift in Sources */,
				FB0000000000000000000057 /* UIStyleApplier.swift in Sources */,
				FB0000000000000000000058 /* IOSAvailability.swift in Sources */,
				FB0000000000000000000042 /* BootConfig.swift in Sources */,
				FB0000000000000000000043 /* Texts.swift in Sources */,
				FB0000000000000000000044 /* ConfigUtil.swift in Sources */,
				FB0000000000000000000045 /* MjpegClient.swift in Sources */,
				FB0000000000000000000046 /* SirenPlayer.swift in Sources */,
			);
			runOnlyForDeploymentPostprocessing = 0;
		};
		D90000000000000000000001 /* Sources */ = {
			isa = PBXSourcesBuildPhase;
			buildActionMask = 2147483647;
			files = (
				F90000000000000000000070 /* DoorbellTheme.swift in Sources */,
				F90000000000000000000071 /* DoorbellClock.swift in Sources */,
				F90000000000000000000072 /* ConfigWriter.swift in Sources */,
				F90000000000000000000073 /* SosSlideControl.swift in Sources */,
				F90000000000000000000074 /* NoticeSupport.swift in Sources */,
				F90000000000000000000075 /* CallHistory.swift in Sources */,
				F90000000000000000000076 /* SettingsForm.swift in Sources */,
				F90000000000000000000077 /* SettingsViewController.swift in Sources */,
				F90000000000000000000078 /* AdminQrView.swift in Sources */,
				F90000000000000000000079 /* DashboardView.swift in Sources */,
				F9000000000000000000007A /* VisitorScreenView.swift in Sources */,
				F90000000000000000000060 /* PairingSupport.swift in Sources */,
				F90000000000000000000062 /* PairingViewController.swift in Sources */,
				F90000000000000000000064 /* AddDeviceViewController.swift in Sources */,
				F90000000000000000000066 /* PairingScannerViewController.swift in Sources */,
				F90000000000000000000029 /* AppDelegate.swift in Sources */,
				F9000000000000000000002A /* MainViewController.swift in Sources */,
				F90000000000000000000028 /* IncomingViewController.swift in Sources */,
				F90000000000000000000039 /* CallRevisionLifecycle.swift in Sources */,
				F90000000000000000000027 /* AdminPinViewController.swift in Sources */,
				F90000000000000000000021 /* CoreBridge.swift in Sources */,
				F90000000000000000000035 /* RuntimeSupervisor.swift in Sources */,
				F90000000000000000000036 /* MonitorViewController.swift in Sources */,
				F9000000000000000000003A /* AdaptiveH264MjpegPlayer.swift in Sources */,
				F90000000000000000000037 /* UIStyleApplier.swift in Sources */,
				F90000000000000000000038 /* IOSAvailability.swift in Sources */,
				F90000000000000000000022 /* BootConfig.swift in Sources */,
				F90000000000000000000023 /* Texts.swift in Sources */,
				F90000000000000000000024 /* ConfigUtil.swift in Sources */,
				F90000000000000000000025 /* MjpegClient.swift in Sources */,
				F90000000000000000000026 /* SirenPlayer.swift in Sources */,
				F9000000000000000000002B /* CameraFeeder.swift in Sources */,
				F9000000000000000000002C /* VideoEncoderVT.swift in Sources */,
			);
			runOnlyForDeploymentPostprocessing = 0;
		};
/* End PBXSourcesBuildPhase section */

/* Begin PBXVariantGroup section */
		EA0000000000000000000001 /* Localizable.strings */ = {
			isa = PBXVariantGroup;
			children = (
				FA0000000000000000000013 /* ja */,
				FA0000000000000000000014 /* en */,
				FA0000000000000000000015 /* zh */,
			);
			name = Localizable.strings;
			sourceTree = "<group>";
		};
/* End PBXVariantGroup section */

/* Begin XCBuildConfiguration section */
		EB0000000000000000000101 /* Debug */ = {
			isa = XCBuildConfiguration;
			buildSettings = {
				ALWAYS_SEARCH_USER_PATHS = NO;
				CLANG_ENABLE_MODULES = YES;
				CLANG_ENABLE_OBJC_ARC = YES;
				COPY_PHASE_STRIP = NO;
				DEBUG_INFORMATION_FORMAT = dwarf;
				ENABLE_STRICT_OBJC_MSGSEND = YES;
				ENABLE_TESTABILITY = YES;
				"EXCLUDED_ARCHS[sdk=appletvsimulator*]" = x86_64;
				GCC_C_LANGUAGE_STANDARD = gnu11;
				GCC_DYNAMIC_NO_PIC = NO;
				GCC_NO_COMMON_BLOCKS = YES;
				GCC_OPTIMIZATION_LEVEL = 0;
				GCC_PREPROCESSOR_DEFINITIONS = (
					"DEBUG=1",
					"$(inherited)",
				);
				ONLY_ACTIVE_ARCH = YES;
				SDKROOT = iphoneos;
				SWIFT_ACTIVE_COMPILATION_CONDITIONS = DEBUG;
				SWIFT_OPTIMIZATION_LEVEL = "-Onone";
				SWIFT_VERSION = 5.0;
			};
			name = Debug;
		};
		EB0000000000000000000102 /* Release */ = {
			isa = XCBuildConfiguration;
			buildSettings = {
				ALWAYS_SEARCH_USER_PATHS = NO;
				CLANG_ENABLE_MODULES = YES;
				CLANG_ENABLE_OBJC_ARC = YES;
				COPY_PHASE_STRIP = NO;
				DEBUG_INFORMATION_FORMAT = "dwarf-with-dsym";
				ENABLE_NS_ASSERTIONS = NO;
				ENABLE_STRICT_OBJC_MSGSEND = YES;
				"EXCLUDED_ARCHS[sdk=appletvsimulator*]" = x86_64;
				GCC_C_LANGUAGE_STANDARD = gnu11;
				GCC_NO_COMMON_BLOCKS = YES;
				SDKROOT = iphoneos;
				SWIFT_COMPILATION_MODE = wholemodule;
				SWIFT_OPTIMIZATION_LEVEL = "-O";
				SWIFT_VERSION = 5.0;
				VALIDATE_PRODUCT = YES;
			};
			name = Release;
		};
		EB0000000000000000000201 /* Debug */ = {
			isa = XCBuildConfiguration;
			buildSettings = {
				CODE_SIGN_ENTITLEMENTS = Doorbell/Doorbell.entitlements;
				CODE_SIGN_STYLE = Automatic;
				HEADER_SEARCH_PATHS = "$(SRCROOT)/../core/include";
				INFOPLIST_FILE = Doorbell/Info.plist;
				IPHONEOS_DEPLOYMENT_TARGET = 12.0;
				LIBRARY_SEARCH_PATHS = "$(SRCROOT)/build/core/$(PLATFORM_NAME)/$(CURRENT_ARCH)/min-$(IPHONEOS_DEPLOYMENT_TARGET)";
				OTHER_LDFLAGS = (
					"-ldoorbell_all",
					"-lc++",
					"-framework", AVFoundation,
					"-framework", AudioToolbox,
					"-framework", CoreAudio,
					"-framework", CoreMedia,
					"-framework", CoreVideo,
					"-framework", VideoToolbox,
					"-framework", CFNetwork,
					"-framework", Security,
					"-framework", UIKit,
				);
				PRODUCT_BUNDLE_IDENTIFIER = jp.ox.doorbell;
				PRODUCT_NAME = "$(TARGET_NAME)";
				SWIFT_OBJC_BRIDGING_HEADER = Doorbell/BridgingHeader.h;
				TARGETED_DEVICE_FAMILY = "1,2";
			};
			name = Debug;
		};
		EB0000000000000000000202 /* Release */ = {
			isa = XCBuildConfiguration;
			buildSettings = {
				CODE_SIGN_ENTITLEMENTS = Doorbell/Doorbell.entitlements;
				CODE_SIGN_STYLE = Automatic;
				HEADER_SEARCH_PATHS = "$(SRCROOT)/../core/include";
				INFOPLIST_FILE = Doorbell/Info.plist;
				IPHONEOS_DEPLOYMENT_TARGET = 12.0;
				LIBRARY_SEARCH_PATHS = "$(SRCROOT)/build/core/$(PLATFORM_NAME)/$(CURRENT_ARCH)/min-$(IPHONEOS_DEPLOYMENT_TARGET)";
				OTHER_LDFLAGS = (
					"-ldoorbell_all",
					"-lc++",
					"-framework", AVFoundation,
					"-framework", AudioToolbox,
					"-framework", CoreAudio,
					"-framework", CoreMedia,
					"-framework", CoreVideo,
					"-framework", VideoToolbox,
					"-framework", CFNetwork,
					"-framework", Security,
					"-framework", UIKit,
				);
				PRODUCT_BUNDLE_IDENTIFIER = jp.ox.doorbell;
				PRODUCT_NAME = "$(TARGET_NAME)";
				SWIFT_OBJC_BRIDGING_HEADER = Doorbell/BridgingHeader.h;
				TARGETED_DEVICE_FAMILY = "1,2";
			};
			name = Release;
		};
		EB0000000000000000000301 /* Debug */ = {
			isa = XCBuildConfiguration;
			buildSettings = {
				CODE_SIGN_STYLE = Automatic;
				HEADER_SEARCH_PATHS = "$(SRCROOT)/../core/include";
				INFOPLIST_FILE = DoorbellTV/Info.plist;
				LIBRARY_SEARCH_PATHS = "$(SRCROOT)/build/core/$(PLATFORM_NAME)/arm64/min-$(TVOS_DEPLOYMENT_TARGET)";
				OTHER_LDFLAGS = (
					"-ldoorbell_all",
					"-lc++",
					"-framework", AVFoundation,
					"-framework", AudioToolbox,
					"-framework", CoreMedia,
					"-framework", CoreVideo,
					"-framework", Security,
					"-framework", UIKit,
				);
				PRODUCT_BUNDLE_IDENTIFIER = jp.ox.doorbell.tv;
				PRODUCT_NAME = "$(TARGET_NAME)";
				SDKROOT = appletvos;
				SWIFT_OBJC_BRIDGING_HEADER = Doorbell/BridgingHeader.h;
				TARGETED_DEVICE_FAMILY = 3;
				TVOS_DEPLOYMENT_TARGET = 15.0;
			};
			name = Debug;
		};
		EB0000000000000000000302 /* Release */ = {
			isa = XCBuildConfiguration;
			buildSettings = {
				CODE_SIGN_STYLE = Automatic;
				HEADER_SEARCH_PATHS = "$(SRCROOT)/../core/include";
				INFOPLIST_FILE = DoorbellTV/Info.plist;
				LIBRARY_SEARCH_PATHS = "$(SRCROOT)/build/core/$(PLATFORM_NAME)/arm64/min-$(TVOS_DEPLOYMENT_TARGET)";
				OTHER_LDFLAGS = (
					"-ldoorbell_all",
					"-lc++",
					"-framework", AVFoundation,
					"-framework", AudioToolbox,
					"-framework", CoreMedia,
					"-framework", CoreVideo,
					"-framework", Security,
					"-framework", UIKit,
				);
				PRODUCT_BUNDLE_IDENTIFIER = jp.ox.doorbell.tv;
				PRODUCT_NAME = "$(TARGET_NAME)";
				SDKROOT = appletvos;
				SWIFT_OBJC_BRIDGING_HEADER = Doorbell/BridgingHeader.h;
				TARGETED_DEVICE_FAMILY = 3;
				TVOS_DEPLOYMENT_TARGET = 15.0;
			};
			name = Release;
		};
		E90000000000000000000001 /* Debug */ = {
			isa = XCBuildConfiguration;
			buildSettings = {
				ARCHS = arm64;
				CODE_SIGN_ENTITLEMENTS = Doorbell/Doorbell.entitlements;
				CODE_SIGN_STYLE = Automatic;
				HEADER_SEARCH_PATHS = "$(SRCROOT)/../core/include";
				INFOPLIST_FILE = Doorbell/Info.plist;
				IPHONEOS_DEPLOYMENT_TARGET = 9.0;
				LIBRARY_SEARCH_PATHS = "$(SRCROOT)/build/core/$(PLATFORM_NAME)/arm64/min-$(IPHONEOS_DEPLOYMENT_TARGET)";
				ONLY_ACTIVE_ARCH = YES;
				OTHER_LDFLAGS = (
					"-ldoorbell_all",
					"-lc++",
					"-framework", AVFoundation,
					"-framework", AudioToolbox,
					"-framework", CoreAudio,
					"-framework", CoreMedia,
					"-framework", CoreVideo,
					"-framework", VideoToolbox,
					"-framework", CFNetwork,
					"-framework", Security,
					"-framework", UIKit,
				);
				PRODUCT_BUNDLE_IDENTIFIER = jp.ox.doorbell;
				PRODUCT_NAME = "$(TARGET_NAME)";
				SDKROOT = iphoneos;
				SUPPORTED_PLATFORMS = iphoneos;
				SWIFT_ACTIVE_COMPILATION_CONDITIONS = (
					"$(inherited)",
					IOS9_COMPAT,
				);
				SWIFT_OBJC_BRIDGING_HEADER = Doorbell/BridgingHeader.h;
				TARGETED_DEVICE_FAMILY = "1,2";
				VALID_ARCHS = arm64;
			};
			name = Debug;
		};
		E90000000000000000000002 /* Release */ = {
			isa = XCBuildConfiguration;
			buildSettings = {
				ARCHS = arm64;
				CODE_SIGN_ENTITLEMENTS = Doorbell/Doorbell.entitlements;
				CODE_SIGN_STYLE = Automatic;
				HEADER_SEARCH_PATHS = "$(SRCROOT)/../core/include";
				INFOPLIST_FILE = Doorbell/Info.plist;
				IPHONEOS_DEPLOYMENT_TARGET = 9.0;
				LIBRARY_SEARCH_PATHS = "$(SRCROOT)/build/core/$(PLATFORM_NAME)/arm64/min-$(IPHONEOS_DEPLOYMENT_TARGET)";
				ONLY_ACTIVE_ARCH = YES;
				OTHER_LDFLAGS = (
					"-ldoorbell_all",
					"-lc++",
					"-framework", AVFoundation,
					"-framework", AudioToolbox,
					"-framework", CoreAudio,
					"-framework", CoreMedia,
					"-framework", CoreVideo,
					"-framework", VideoToolbox,
					"-framework", CFNetwork,
					"-framework", Security,
					"-framework", UIKit,
				);
				PRODUCT_BUNDLE_IDENTIFIER = jp.ox.doorbell;
				PRODUCT_NAME = "$(TARGET_NAME)";
				SDKROOT = iphoneos;
				SUPPORTED_PLATFORMS = iphoneos;
				SWIFT_ACTIVE_COMPILATION_CONDITIONS = (
					"$(inherited)",
					IOS9_COMPAT,
				);
				SWIFT_OBJC_BRIDGING_HEADER = Doorbell/BridgingHeader.h;
				TARGETED_DEVICE_FAMILY = "1,2";
				VALID_ARCHS = arm64;
			};
			name = Release;
		};
/* End XCBuildConfiguration section */

/* Begin XCConfigurationList section */
		EC0000000000000000000001 /* Build configuration list for PBXProject "Doorbell" */ = {
			isa = XCConfigurationList;
			buildConfigurations = (
				EB0000000000000000000101 /* Debug */,
				EB0000000000000000000102 /* Release */,
			);
			defaultConfigurationIsVisible = 0;
			defaultConfigurationName = Release;
		};
		EC0000000000000000000002 /* Build configuration list for PBXNativeTarget "Doorbell" */ = {
			isa = XCConfigurationList;
			buildConfigurations = (
				EB0000000000000000000201 /* Debug */,
				EB0000000000000000000202 /* Release */,
			);
			defaultConfigurationIsVisible = 0;
			defaultConfigurationName = Release;
		};
		EC0000000000000000000003 /* Build configuration list for PBXNativeTarget "DoorbellTV" */ = {
			isa = XCConfigurationList;
			buildConfigurations = (
				EB0000000000000000000301 /* Debug */,
				EB0000000000000000000302 /* Release */,
			);
			defaultConfigurationIsVisible = 0;
			defaultConfigurationName = Release;
		};
		E90000000000000000000010 /* Build configuration list for PBXNativeTarget "DoorbellIOS9" */ = {
			isa = XCConfigurationList;
			buildConfigurations = (
				E90000000000000000000001 /* Debug */,
				E90000000000000000000002 /* Release */,
			);
			defaultConfigurationIsVisible = 0;
			defaultConfigurationName = Release;
		};
/* End XCConfigurationList section */
	};
	rootObject = CB0000000000000000000001 /* Project object */;
}
