Microsoft Visual Studio Solution File, Format Version 12.00
# Visual Studio Version 17
Project("{FAE04EC0-301F-11D3-BF4B-00C04F79EFBC}") = "DoorbellApp", "DoorbellApp\DoorbellApp.csproj", "{7E1C4A9B-2B7D-4E7A-9C64-3A1B2C3D4E5F}"
EndProject
Global
	GlobalSection(SolutionConfigurationPlatforms) = preSolution
		Debug|Any CPU = Debug|Any CPU
		Release|Any CPU = Release|Any CPU
	EndGlobalSection
	GlobalSection(ProjectConfigurationPlatforms) = postSolution
		{7E1C4A9B-2B7D-4E7A-9C64-3A1B2C3D4E5F}.Debug|Any CPU.ActiveCfg = Debug|Any CPU
		{7E1C4A9B-2B7D-4E7A-9C64-3A1B2C3D4E5F}.Debug|Any CPU.Build.0 = Debug|Any CPU
		{7E1C4A9B-2B7D-4E7A-9C64-3A1B2C3D4E5F}.Release|Any CPU.ActiveCfg = Release|Any CPU
		{7E1C4A9B-2B7D-4E7A-9C64-3A1B2C3D4E5F}.Release|Any CPU.Build.0 = Release|Any CPU
	EndGlobalSection
EndGlobal
